hash: cfd74d8fdcb03357e9290b4192c58b969b6b80a0eb0c6b64f36248f7e38b2842
updated: 2018-01-19T21:03:48.83534+01:00
imports:
- name: github.com/fatih/color
  version: 570b54cabe6b8eb0bc2dfce68d964677d63b5260
- name: github.com/josa42/go-terminal-hyperlink
  version: 540a17a5f7d24d2e75a27bd9992f6e1547d22c3b
- name: github.com/josa42/go-terminal-image
  version: 13e098230ff979ae0b6d3acaac3e814795f58c85
- name: github.com/josa42/go-terminal-markdown
  version: c9ac1af48aebb1e63861853903c8fd364bf2c58d
  subpackages:
  - markdown
- name: github.com/mattn/go-colorable
  version: 5411d3eea5978e6cdc258b30de592b60df6aba96
  repo: https://github.com/mattn/go-colorable
- name: github.com/mattn/go-isatty
  version: 57fdcb988a5c543893cc61bce354a6e24ab70022
  repo: https://github.com/mattn/go-isatty
- name: golang.org/x/sys
  version: e24f485414aeafb646f6fca458b0bf869c0880a1
  repo: https://go.googlesource.com/sys
  subpackages:
  - unix
testImports: []
